Microsoft Visual Studio Solution File, Format Version 12.00
# Visual Studio Version 16
VisualStudioVersion = 16.0.28803.156
MinimumVisualStudioVersion = 15.0.26124.0
Project("{9A19103F-16F7-4668-BE54-9A1E7A4F7556}") = "csharp2", "csharp2.csproj", "{8064E01D-F52F-444F-9F3C-C13FE348EF84}"
EndProject
Global
	GlobalSection(SolutionConfigurationPlatforms) = preSolution
		Debug|Any CPU = Debug|Any CPU
		Debug|x64 = Debug|x64
		Debug|x86 = Debug|x86
		Release|Any CPU = Release|Any CPU
		Release|x64 = Release|x64
		Release|x86 = Release|x86
	EndGlobalSection
	GlobalSection(ProjectConfigurationPlatforms) = postSolution
		{8064E01D-F52F-444F-9F3C-C13FE348EF84}.Debug|Any CPU.ActiveCfg = Debug|Any CPU
		{8064E01D-F52F-444F-9F3C-C13FE348EF84}.Debug|Any CPU.Build.0 = Debug|Any CPU
		{8064E01D-F52F-444F-9F3C-C13FE348EF84}.Debug|x64.ActiveCfg = Debug|Any CPU
		{8064E01D-F52F-444F-9F3C-C13FE348EF84}.Debug|x64.Build.0 = Debug|Any CPU
		{8064E01D-F52F-444F-9F3C-C13FE348EF84}.Debug|x86.ActiveCfg = Debug|Any CPU
		{8064E01D-F52F-444F-9F3C-C13FE348EF84}.Debug|x86.Build.0 = Debug|Any CPU
		{8064E01D-F52F-444F-9F3C-C13FE348EF84}.Release|Any CPU.ActiveCfg = Release|Any CPU
		{8064E01D-F52F-444F-9F3C-C13FE348EF84}.Release|Any CPU.Build.0 = Release|Any CPU
		{8064E01D-F52F-444F-9F3C-C13FE348EF84}.Release|x64.ActiveCfg = Release|Any CPU
		{8064E01D-F52F-444F-9F3C-C13FE348EF84}.Release|x64.Build.0 = Release|Any CPU
		{8064E01D-F52F-444F-9F3C-C13FE348EF84}.Release|x86.ActiveCfg = Release|Any CPU
		{8064E01D-F52F-444F-9F3C-C13FE348EF84}.Release|x86.Build.0 = Release|Any CPU
	EndGlobalSection
	GlobalSection(SolutionProperties) = preSolution
		HideSolutionNode = FALSE
	EndGlobalSection
	GlobalSection(ExtensibilityGlobals) = postSolution
		SolutionGuid = {F4C6DD01-5C0B-47D2-8A42-8C9F525C0475}
	EndGlobalSection
EndGlobal
